
Microsoft Visual Studio Solution File, Format Version 12.00
# Visual Studio 15
VisualStudioVersion = 15.0.28307.136
MinimumVisualStudioVersion = 10.0.40219.1
Project("{9092AA53-FB77-4645-B42D-1CCCA6BD08BD}") = "bec-api", "bec-api\bec-api.njsproj", "{480CFF3F-8E7D-4ACA-8C6C-9A4BFE73394B}"
EndProject
Global
	GlobalSection(SolutionConfigurationPlatforms) = preSolution
		Debug|Any CPU = Debug|Any CPU
		Release|Any CPU = Release|Any CPU
	EndGlobalSection
	GlobalSection(ProjectConfigurationPlatforms) = postSolution
		{480CFF3F-8E7D-4ACA-8C6C-9A4BFE73394B}.Debug|Any CPU.ActiveCfg = Debug|Any CPU
		{480CFF3F-8E7D-4ACA-8C6C-9A4BFE73394B}.Debug|Any CPU.Build.0 = Debug|Any CPU
		{480CFF3F-8E7D-4ACA-8C6C-9A4BFE73394B}.Release|Any CPU.ActiveCfg = Release|Any CPU
		{480CFF3F-8E7D-4ACA-8C6C-9A4BFE73394B}.Release|Any CPU.Build.0 = Release|Any CPU
	EndGlobalSection
	GlobalSection(SolutionProperties) = preSolution
		HideSolutionNode = FALSE
	EndGlobalSection
	GlobalSection(ExtensibilityGlobals) = postSolution
		SolutionGuid = {9B23C97E-20C4-483C-A669-DE1BB359BDF8}
	EndGlobalSection
EndGlobal
